
Microsoft Visual Studio Solution File, Format Version 12.00
# Visual Studio Version 16
VisualStudioVersion = 16.0.31205.134
MinimumVisualStudioVersion = 10.0.40219.1
Project("{2150E333-8FDC-42A3-9474-1A3956D46DE8}") = "Data", "Data", "{5AADDA68-8FB0-4BB7-987B-A5D55EF3ADC3}"
EndProject
Project("{9A19103F-16F7-4668-BE54-9A1E7A4F7556}") = "FitForLife.Data", "Data\FitForLife.Data\FitForLife.Data.csproj", "{EF25ECB0-4F9A-4BFB-926B-69E015459D29}"
EndProject
Project("{9A19103F-16F7-4668-BE54-9A1E7A4F7556}") = "FitForLife.Data.Common", "Data\FitForLife.Data.Common\FitForLife.Data.Common.csproj", "{0DD57BBE-C8FA-4C13-8D4A-84F866A6DB8E}"
EndProject
Project("{9A19103F-16F7-4668-BE54-9A1E7A4F7556}") = "FitForLife.Data.Models", "Data\FitForLife.Data.Models\FitForLife.Data.Models.csproj", "{BF572EFD-04C0-46FC-9759-5ACB3B5EEC77}"
EndProject
Project("{9A19103F-16F7-4668-BE54-9A1E7A4F7556}") = "FitForLife.Common", "FitForLife.Common\FitForLife.Common.csproj", "{1C63A1E6-CDEC-4179-BBD3-E0CB0B334FBD}"
EndProject
Project("{2150E333-8FDC-42A3-9474-1A3956D46DE8}") = "Web", "Web", "{3B8BA46D-37C5-4D11-BFCB-9A4A34F84CD5}"
EndProject
Project("{2150E333-8FDC-42A3-9474-1A3956D46DE8}") = "Services", "Services", "{2AD3A257-17DD-4DCD-B9CA-1947B3EFF75A}"
EndProject
Project("{9A19103F-16F7-4668-BE54-9A1E7A4F7556}") = "FitForLife.Services.Data", "Services\FitForLife.Services.Data\FitForLife.Services.Data.csproj", "{04C4EBB0-4F44-4AEB-BB5A-BE463232ECF9}"
EndProject
Project("{9A19103F-16F7-4668-BE54-9A1E7A4F7556}") = "FitForLife.Services.Mapping", "Services\FitForLife.Services.Mapping\FitForLife.Services.Mapping.csproj", "{260FEDDB-1035-4357-92DD-620C269E5351}"
EndProject
Project("{9A19103F-16F7-4668-BE54-9A1E7A4F7556}") = "FitForLife.Web", "Web\FitForLife.Web\FitForLife.Web.csproj", "{BAE00A11-29E5-4B39-802C-E11F949F8A24}"
EndProject
Project("{9A19103F-16F7-4668-BE54-9A1E7A4F7556}") = "FitForLife.Web.ViewModels", "Web\FitForLife.Web.ViewModels\FitForLife.Web.ViewModels.csproj", "{33DE0BC2-C996-49E8-AE2E-5B2897ECBBEB}"
EndProject
Project("{2150E333-8FDC-42A3-9474-1A3956D46DE8}") = "Tests", "Tests", "{886F5416-F6B2-4704-A08C-114EBBF22263}"
EndProject
Project("{FAE04EC0-301F-11D3-BF4B-00C04F79EFBC}") = "FitForLife.Tests", "FitForLife.Tests\FitForLife.Tests.csproj", "{2275C317-86D5-4BF8-BE96-FFC7C89FB09E}"
EndProject
Global
	GlobalSection(SolutionConfigurationPlatforms) = preSolution
		Debug|Any CPU = Debug|Any CPU
		Release|Any CPU = Release|Any CPU
	EndGlobalSection
	GlobalSection(ProjectConfigurationPlatforms) = postSolution
		{EF25ECB0-4F9A-4BFB-926B-69E015459D29}.Debug|Any CPU.ActiveCfg = Debug|Any CPU
		{EF25ECB0-4F9A-4BFB-926B-69E015459D29}.Debug|Any CPU.Build.0 = Debug|Any CPU
		{EF25ECB0-4F9A-4BFB-926B-69E015459D29}.Release|Any CPU.ActiveCfg = Release|Any CPU
		{EF25ECB0-4F9A-4BFB-926B-69E015459D29}.Release|Any CPU.Build.0 = Release|Any CPU
		{0DD57BBE-C8FA-4C13-8D4A-84F866A6DB8E}.Debug|Any CPU.ActiveCfg = Debug|Any CPU
		{0DD57BBE-C8FA-4C13-8D4A-84F866A6DB8E}.Debug|Any CPU.Build.0 = Debug|Any CPU
		{0DD57BBE-C8FA-4C13-8D4A-84F866A6DB8E}.Release|Any CPU.ActiveCfg = Release|Any CPU
		{0DD57BBE-C8FA-4C13-8D4A-84F866A6DB8E}.Release|Any CPU.Build.0 = Release|Any CPU
		{BF572EFD-04C0-46FC-9759-5ACB3B5EEC77}.Debug|Any CPU.ActiveCfg = Debug|Any CPU
		{BF572EFD-04C0-46FC-9759-5ACB3B5EEC77}.Debug|Any CPU.Build.0 = Debug|Any CPU
		{BF572EFD-04C0-46FC-9759-5ACB3B5EEC77}.Release|Any CPU.ActiveCfg = Release|Any CPU
		{BF572EFD-04C0-46FC-9759-5ACB3B5EEC77}.Release|Any CPU.Build.0 = Release|Any CPU
		{1C63A1E6-CDEC-4179-BBD3-E0CB0B334FBD}.Debug|Any CPU.ActiveCfg = Debug|Any CPU
		{1C63A1E6-CDEC-4179-BBD3-E0CB0B334FBD}.Debug|Any CPU.Build.0 = Debug|Any CPU
		{1C63A1E6-CDEC-4179-BBD3-E0CB0B334FBD}.Release|Any CPU.ActiveCfg = Release|Any CPU
		{1C63A1E6-CDEC-4179-BBD3-E0CB0B334FBD}.Release|Any CPU.Build.0 = Release|Any CPU
		{04C4EBB0-4F44-4AEB-BB5A-BE463232ECF9}.Debug|Any CPU.ActiveCfg = Debug|Any CPU
		{04C4EBB0-4F44-4AEB-BB5A-BE463232ECF9}.Debug|Any CPU.Build.0 = Debug|Any CPU
		{04C4EBB0-4F44-4AEB-BB5A-BE463232ECF9}.Release|Any CPU.ActiveCfg = Release|Any CPU
		{04C4EBB0-4F44-4AEB-BB5A-BE463232ECF9}.Release|Any CPU.Build.0 = Release|Any CPU
		{260FEDDB-1035-4357-92DD-620C269E5351}.Debug|Any CPU.ActiveCfg = Debug|Any CPU
		{260FEDDB-1035-4357-92DD-620C269E5351}.Debug|Any CPU.Build.0 = Debug|Any CPU
		{260FEDDB-1035-4357-92DD-620C269E5351}.Release|Any CPU.ActiveCfg = Release|Any CPU
		{260FEDDB-1035-4357-92DD-620C269E5351}.Release|Any CPU.Build.0 = Release|Any CPU
		{BAE00A11-29E5-4B39-802C-E11F949F8A24}.Debug|Any CPU.ActiveCfg = Debug|Any CPU
		{BAE00A11-29E5-4B39-802C-E11F949F8A24}.Debug|Any CPU.Build.0 = Debug|Any CPU
		{BAE00A11-29E5-4B39-802C-E11F949F8A24}.Release|Any CPU.ActiveCfg = Release|Any CPU
		{BAE00A11-29E5-4B39-802C-E11F949F8A24}.Release|Any CPU.Build.0 = Release|Any CPU
		{33DE0BC2-C996-49E8-AE2E-5B2897ECBBEB}.Debug|Any CPU.ActiveCfg = Debug|Any CPU
		{33DE0BC2-C996-49E8-AE2E-5B2897ECBBEB}.Debug|Any CPU.Build.0 = Debug|Any CPU
		{33DE0BC2-C996-49E8-AE2E-5B2897ECBBEB}.Release|Any CPU.ActiveCfg = Release|Any CPU
		{33DE0BC2-C996-49E8-AE2E-5B2897ECBBEB}.Release|Any CPU.Build.0 = Release|Any CPU
		{2275C317-86D5-4BF8-BE96-FFC7C89FB09E}.Debug|Any CPU.ActiveCfg = Debug|Any CPU
		{2275C317-86D5-4BF8-BE96-FFC7C89FB09E}.Debug|Any CPU.Build.0 = Debug|Any CPU
		{2275C317-86D5-4BF8-BE96-FFC7C89FB09E}.Release|Any CPU.ActiveCfg = Release|Any CPU
		{2275C317-86D5-4BF8-BE96-FFC7C89FB09E}.Release|Any CPU.Build.0 = Release|Any CPU
	EndGlobalSection
	GlobalSection(SolutionProperties) = preSolution
		HideSolutionNode = FALSE
	EndGlobalSection
	GlobalSection(NestedProjects) = preSolution
		{EF25ECB0-4F9A-4BFB-926B-69E015459D29} = {5AADDA68-8FB0-4BB7-987B-A5D55EF3ADC3}
		{0DD57BBE-C8FA-4C13-8D4A-84F866A6DB8E} = {5AADDA68-8FB0-4BB7-987B-A5D55EF3ADC3}
		{BF572EFD-04C0-46FC-9759-5ACB3B5EEC77} = {5AADDA68-8FB0-4BB7-987B-A5D55EF3ADC3}
		{04C4EBB0-4F44-4AEB-BB5A-BE463232ECF9} = {2AD3A257-17DD-4DCD-B9CA-1947B3EFF75A}
		{260FEDDB-1035-4357-92DD-620C269E5351} = {2AD3A257-17DD-4DCD-B9CA-1947B3EFF75A}
		{BAE00A11-29E5-4B39-802C-E11F949F8A24} = {3B8BA46D-37C5-4D11-BFCB-9A4A34F84CD5}
		{33DE0BC2-C996-49E8-AE2E-5B2897ECBBEB} = {3B8BA46D-37C5-4D11-BFCB-9A4A34F84CD5}
		{2275C317-86D5-4BF8-BE96-FFC7C89FB09E} = {886F5416-F6B2-4704-A08C-114EBBF22263}
	EndGlobalSection
	GlobalSection(ExtensibilityGlobals) = postSolution
		SolutionGuid = {A9AB897B-C94E-41F3-9C07-270D29C881A8}
	EndGlobalSection
EndGlobal
